{
  "name": "MCMS",
  "lockfileVersion": 3,
  "requires": true,
  "packages": {
    "": {
      "dependencies": {
        "dhtmlx-gantt": "^9.1.1"
      }
    },
    "node_modules/dhtmlx-gantt": {
      "version": "9.1.1",
      "resolved": "https://registry.npmjs.org/dhtmlx-gantt/-/dhtmlx-gantt-9.1.1.tgz",
      "integrity": "sha512-ym4m+kHHFJfeI3JYs7PdfQb31uqfbA44qrBxuc3mye9kx6Q+uc4dg6zxAXr7ll+6G9ccRcGZqk2fKfBqwCMp3w==",
      "license": "GPL-2.0"
    }
  }
}
